
Microsoft Visual Studio Solution File, Format Version 12.00
# Visual Studio Version 17
VisualStudioVersion = 17.14.36429.23
MinimumVisualStudioVersion = 10.0.40219.1
Project("{FAE04EC0-301F-11D3-BF4B-00C04F79EFBC}") = "Domain", "Domain\Domain.csproj", "{FC551576-00E5-4C74-98D2-A317691F732E}"
EndProject
Project("{FAE04EC0-301F-11D3-BF4B-00C04F79EFBC}") = "Infrastructure", "Infrastructure\Infrastructure.csproj", "{B3DB916E-5309-48EC-89FA-CE0D5221A14A}"
EndProject
Project("{FAE04EC0-301F-11D3-BF4B-00C04F79EFBC}") = "Application", "Application\Application.csproj", "{C59B7FDD-4553-4603-B987-39D78A342066}"
EndProject
Project("{2150E333-8FDC-42A3-9474-1A3956D46DE8}") = "SolutionItems", "SolutionItems", "{02EA681E-C7D8-13C7-8484-4AC65E1B71E8}"
	ProjectSection(SolutionItems) = preProject
		..\README.md = ..\README.md
	EndProjectSection
EndProject
Project("{FAE04EC0-301F-11D3-BF4B-00C04F79EFBC}") = "WebApi", "WebApi\WebApi.csproj", "{351AC343-E8A5-4F22-834F-FEEB27434398}"
EndProject
Project("{2150E333-8FDC-42A3-9474-1A3956D46DE8}") = "Tests", "Tests", "{96E2F6AC-F4E8-40E3-B93F-386CD8650BFE}"
EndProject
Project("{FAE04EC0-301F-11D3-BF4B-00C04F79EFBC}") = "WebApi.IntegrationTests", "..\tests\WebApi.IntegrationTests\WebApi.IntegrationTests.csproj", "{75B2778F-BD1F-361B-A64E-DE75B717D6E0}"
EndProject
Project("{FAE04EC0-301F-11D3-BF4B-00C04F79EFBC}") = "Application.Tests", "..\tests\Application.Tests\Application.Tests.csproj", "{33243B68-3F25-9006-26C8-9329BB2EB166}"
EndProject
Project("{FAE04EC0-301F-11D3-BF4B-00C04F79EFBC}") = "Domain.Tests", "..\tests\Domain.Tests\Domain.Tests.csproj", "{99E8D4E4-FB03-C93A-45BE-A1B9B1324150}"
EndProject
Project("{FAE04EC0-301F-11D3-BF4B-00C04F79EFBC}") = "Infrastructure.Tests", "..\tests\Infrastructure.Tests\Infrastructure.Tests.csproj", "{BA177DBB-B92C-4288-B93C-9F82CADE6647}"
EndProject
Global
	GlobalSection(SolutionConfigurationPlatforms) = preSolution
		Debug|Any CPU = Debug|Any CPU
		Release|Any CPU = Release|Any CPU
	EndGlobalSection
	GlobalSection(ProjectConfigurationPlatforms) = postSolution
		{FC551576-00E5-4C74-98D2-A317691F732E}.Debug|Any CPU.ActiveCfg = Debug|Any CPU
		{FC551576-00E5-4C74-98D2-A317691F732E}.Debug|Any CPU.Build.0 = Debug|Any CPU
		{FC551576-00E5-4C74-98D2-A317691F732E}.Release|Any CPU.ActiveCfg = Release|Any CPU
		{FC551576-00E5-4C74-98D2-A317691F732E}.Release|Any CPU.Build.0 = Release|Any CPU
		{B3DB916E-5309-48EC-89FA-CE0D5221A14A}.Debug|Any CPU.ActiveCfg = Debug|Any CPU
		{B3DB916E-5309-48EC-89FA-CE0D5221A14A}.Debug|Any CPU.Build.0 = Debug|Any CPU
		{B3DB916E-5309-48EC-89FA-CE0D5221A14A}.Release|Any CPU.ActiveCfg = Release|Any CPU
		{B3DB916E-5309-48EC-89FA-CE0D5221A14A}.Release|Any CPU.Build.0 = Release|Any CPU
		{C59B7FDD-4553-4603-B987-39D78A342066}.Debug|Any CPU.ActiveCfg = Debug|Any CPU
		{C59B7FDD-4553-4603-B987-39D78A342066}.Debug|Any CPU.Build.0 = Debug|Any CPU
		{C59B7FDD-4553-4603-B987-39D78A342066}.Release|Any CPU.ActiveCfg = Release|Any CPU
		{C59B7FDD-4553-4603-B987-39D78A342066}.Release|Any CPU.Build.0 = Release|Any CPU
		{351AC343-E8A5-4F22-834F-FEEB27434398}.Debug|Any CPU.ActiveCfg = Debug|Any CPU
		{351AC343-E8A5-4F22-834F-FEEB27434398}.Debug|Any CPU.Build.0 = Debug|Any CPU
		{351AC343-E8A5-4F22-834F-FEEB27434398}.Release|Any CPU.ActiveCfg = Release|Any CPU
		{351AC343-E8A5-4F22-834F-FEEB27434398}.Release|Any CPU.Build.0 = Release|Any CPU
		{75B2778F-BD1F-361B-A64E-DE75B717D6E0}.Debug|Any CPU.ActiveCfg = Debug|Any CPU
		{75B2778F-BD1F-361B-A64E-DE75B717D6E0}.Debug|Any CPU.Build.0 = Debug|Any CPU
		{75B2778F-BD1F-361B-A64E-DE75B717D6E0}.Release|Any CPU.ActiveCfg = Release|Any CPU
		{75B2778F-BD1F-361B-A64E-DE75B717D6E0}.Release|Any CPU.Build.0 = Release|Any CPU
		{33243B68-3F25-9006-26C8-9329BB2EB166}.Debug|Any CPU.ActiveCfg = Debug|Any CPU
		{33243B68-3F25-9006-26C8-9329BB2EB166}.Debug|Any CPU.Build.0 = Debug|Any CPU
		{33243B68-3F25-9006-26C8-9329BB2EB166}.Release|Any CPU.ActiveCfg = Release|Any CPU
		{33243B68-3F25-9006-26C8-9329BB2EB166}.Release|Any CPU.Build.0 = Release|Any CPU
		{99E8D4E4-FB03-C93A-45BE-A1B9B1324150}.Debug|Any CPU.ActiveCfg = Debug|Any CPU
		{99E8D4E4-FB03-C93A-45BE-A1B9B1324150}.Debug|Any CPU.Build.0 = Debug|Any CPU
		{99E8D4E4-FB03-C93A-45BE-A1B9B1324150}.Release|Any CPU.ActiveCfg = Release|Any CPU
		{99E8D4E4-FB03-C93A-45BE-A1B9B1324150}.Release|Any CPU.Build.0 = Release|Any CPU
		{BA177DBB-B92C-4288-B93C-9F82CADE6647}.Debug|Any CPU.ActiveCfg = Debug|Any CPU
		{BA177DBB-B92C-4288-B93C-9F82CADE6647}.Debug|Any CPU.Build.0 = Debug|Any CPU
		{BA177DBB-B92C-4288-B93C-9F82CADE6647}.Release|Any CPU.ActiveCfg = Release|Any CPU
		{BA177DBB-B92C-4288-B93C-9F82CADE6647}.Release|Any CPU.Build.0 = Release|Any CPU
	EndGlobalSection
	GlobalSection(SolutionProperties) = preSolution
		HideSolutionNode = FALSE
	EndGlobalSection
	GlobalSection(NestedProjects) = preSolution
		{75B2778F-BD1F-361B-A64E-DE75B717D6E0} = {96E2F6AC-F4E8-40E3-B93F-386CD8650BFE}
		{33243B68-3F25-9006-26C8-9329BB2EB166} = {96E2F6AC-F4E8-40E3-B93F-386CD8650BFE}
		{99E8D4E4-FB03-C93A-45BE-A1B9B1324150} = {96E2F6AC-F4E8-40E3-B93F-386CD8650BFE}
		{BA177DBB-B92C-4288-B93C-9F82CADE6647} = {96E2F6AC-F4E8-40E3-B93F-386CD8650BFE}
	EndGlobalSection
	GlobalSection(ExtensibilityGlobals) = postSolution
		SolutionGuid = {0452A553-BD65-4A2C-BCF9-21E5D79CA302}
	EndGlobalSection
EndGlobal
